// !$*UTF8*$!
{
	archiveVersion = 1;
	classes = {
	};
	objectVersion = 50;
	objects = {

/* Begin PBXBuildFile section */
		84D5A64921A94CEF00A03E26 /* AppDelegate.swift in Sources */ = {isa = PBXBuildFile; fileRef = 84D5A64821A94CEF00A03E26 /* AppDelegate.swift */; };
		84D5A64B21A94CEF00A03E26 /* ViewController.swift in Sources */ = {isa = PBXBuildFile; fileRef = 84D5A64A21A94CEF00A03E26 /* ViewController.swift */; };
		84D5A64E21A94CEF00A03E26 /* Main.storyboard in Resources */ = {isa = PBXBuildFile; fileRef = 84D5A64C21A94CEF00A03E26 /* Main.storyboard */; };
		84D5A65021A94CF100A03E26 /* Assets.xcassets in Resources */ = {isa = PBXBuildFile; fileRef = 84D5A64F21A94CF100A03E26 /* Assets.xcassets */; };
		84D5A65321A94CF100A03E26 /* LaunchScreen.storyboard in Resources */ = {isa = PBXBuildFile; fileRef = 84D5A65121A94CF100A03E26 /* LaunchScreen.storyboard */; };
		84D5A65E21A94CF100A03E26 /* Swift4_Part5_FlickrTests.swift in Sources */ = {isa = PBXBuildFile; fileRef = 84D5A65D21A94CF100A03E26 /* Swift4_Part5_FlickrTests.swift */; };
		84D5A66921A94CF100A03E26 /* Swift4_Part5_FlickrUITests.swift in Sources */ = {isa = PBXBuildFile; fileRef = 84D5A66821A94CF100A03E26 /* Swift4_Part5_FlickrUITests.swift */; };
/* End PBXBuildFile section */

/* Begin PBXContainerItemProxy section */
		84D5A65A21A94CF100A03E26 /* PBXContainerItemProxy */ = {
			isa = PBXContainerItemProxy;
			containerPortal = 84D5A63D21A94CEF00A03E26 /* Project object */;
			proxyType = 1;
			remoteGlobalIDString = 84D5A64421A94CEF00A03E26;
			remoteInfo = Swift4_Part5_Flickr;
		};
		84D5A66521A94CF100A03E26 /* PBXContainerItemProxy */ = {
			isa = PBXContainerItemProxy;
			containerPortal = 84D5A63D21A94CEF00A03E26 /* Project object */;
			proxyType = 1;
			remoteGlobalIDString = 84D5A64421A94CEF00A03E26;
			remoteInfo = Swift4_Part5_Flickr;
		};
/* End PBXContainerItemProxy section */

/* Begin PBXFileReference section */
		84D5A64521A94CEF00A03E26 /* Swift4_Part5_Flickr.app */ = {isa = PBXFileReference; explicitFileType = wrapper.application; includeInIndex = 0; path = Swift4_Part5_Flickr.app; sourceTree = BUILT_PRODUCTS_DIR; };
		84D5A64821A94CEF00A03E26 /* AppDelegate.swift */ = {isa = PBXFileReference; lastKnownFileType = sourcecode.swift; path = AppDelegate.swift; sourceTree = "<group>"; };
		84D5A64A21A94CEF00A03E26 /* ViewController.swift */ = {isa = PBXFileReference; lastKnownFileType = sourcecode.swift; path = ViewController.swift; sourceTree = "<group>"; };
		84D5A64D21A94CEF00A03E26 /* Base */ = {isa = PBXFileReference; lastKnownFileType = file.storyboard; name = Base; path = Base.lproj/Main.storyboard; sourceTree = "<group>"; };
		84D5A64F21A94CF100A03E26 /* Assets.xcassets */ = {isa = PBXFileReference; lastKnownFileType = folder.assetcatalog; path = Assets.xcassets; sourceTree = "<group>"; };
		84D5A65221A94CF100A03E26 /* Base */ = {isa = PBXFileReference; lastKnownFileType = file.storyboard; name = Base; path = Base.lproj/LaunchScreen.storyboard; sourceTree = "<group>"; };
		84D5A65421A94CF100A03E26 /* Info.plist */ = {isa = PBXFileReference; lastKnownFileType = text.plist.xml; path = Info.plist; sourceTree = "<group>"; };
		84D5A65921A94CF100A03E26 /* Swift4_Part5_FlickrTests.xctest */ = {isa = PBXFileReference; explicitFileType = wrapper.cfbundle; includeInIndex = 0; path = Swift4_Part5_FlickrTests.xctest; sourceTree = BUILT_PRODUCTS_DIR; };
		84D5A65D21A94CF100A03E26 /* Swift4_Part5_FlickrTests.swift */ = {isa = PBXFileReference; lastKnownFileType = sourcecode.swift; path = Swift4_Part5_FlickrTests.swift; sourceTree = "<group>"; };
		84D5A65F21A94CF100A03E26 /* Info.plist */ = {isa = PBXFileReference; lastKnownFileType = text.plist.xml; path = Info.plist; sourceTree = "<group>"; };
		84D5A66421A94CF100A03E26 /* Swift4_Part5_FlickrUITests.xctest */ = {isa = PBXFileReference; explicitFileType = wrapper.cfbundle; includeInIndex = 0; path = Swift4_Part5_FlickrUITests.xctest; sourceTree = BUILT_PRODUCTS_DIR; };
		84D5A66821A94CF100A03E26 /* Swift4_Part5_FlickrUITests.swift */ = {isa = PBXFileReference; lastKnownFileType = sourcecode.swift; path = Swift4_Part5_FlickrUITests.swift; sourceTree = "<group>"; };
		84D5A66A21A94CF100A03E26 /* Info.plist */ = {isa = PBXFileReference; lastKnownFileType = text.plist.xml; path = Info.plist; sourceTree = "<group>"; };
/* End PBXFileReference section */

/* Begin PBXFrameworksBuildPhase section */
		84D5A64221A94CEF00A03E26 /* Frameworks */ = {
			isa = PBXFrameworksBuildPhase;
			buildActionMask = 2147483647;
			files = (
			);
			runOnlyForDeploymentPostprocessing = 0;
		};
		84D5A65621A94CF100A03E26 /* Frameworks */ = {
			isa = PBXFrameworksBuildPhase;
			buildActionMask = 2147483647;
			files = (
			);
			runOnlyForDeploymentPostprocessing = 0;
		};
		84D5A66121A94CF100A03E26 /* Frameworks */ = {
			isa = PBXFrameworksBuildPhase;
			buildActionMask = 2147483647;
			files = (
			);
			runOnlyForDeploymentPostprocessing = 0;
		};
/* End PBXFrameworksBuildPhase section */

/* Begin PBXGroup section */
		84D5A63C21A94CEF00A03E26 = {
			isa = PBXGroup;
			children = (
				84D5A64721A94CEF00A03E26 /* Swift4_Part5_Flickr */,
				84D5A65C21A94CF100A03E26 /* Swift4_Part5_FlickrTests */,
				84D5A66721A94CF100A03E26 /* Swift4_Part5_FlickrUITests */,
				84D5A64621A94CEF00A03E26 /* Products */,
			);
			sourceTree = "<group>";
		};
		84D5A64621A94CEF00A03E26 /* Products */ = {
			isa = PBXGroup;
			children = (
				84D5A64521A94CEF00A03E26 /* Swift4_Part5_Flickr.app */,
				84D5A65921A94CF100A03E26 /* Swift4_Part5_FlickrTests.xctest */,
				84D5A66421A94CF100A03E26 /* Swift4_Part5_FlickrUITests.xctest */,
			);
			name = Products;
			sourceTree = "<group>";
		};
		84D5A64721A94CEF00A03E26 /* Swift4_Part5_Flickr */ = {
			isa = PBXGroup;
			children = (
				84D5A64821A94CEF00A03E26 /* AppDelegate.swift */,
				84D5A64A21A94CEF00A03E26 /* ViewController.swift */,
				84D5A64C21A94CEF00A03E26 /* Main.storyboard */,
				84D5A64F21A94CF100A03E26 /* Assets.xcassets */,
				84D5A65121A94CF100A03E26 /* LaunchScreen.storyboard */,
				84D5A65421A94CF100A03E26 /* Info.plist */,
			);
			path = Swift4_Part5_Flickr;
			sourceTree = "<group>";
		};
		84D5A65C21A94CF100A03E26 /* Swift4_Part5_FlickrTests */ = {
			isa = PBXGroup;
			children = (
				84D5A65D21A94CF100A03E26 /* Swift4_Part5_FlickrTests.swift */,
				84D5A65F21A94CF100A03E26 /* Info.plist */,
			);
			path = Swift4_Part5_FlickrTests;
			sourceTree = "<group>";
		};
		84D5A66721A94CF100A03E26 /* Swift4_Part5_FlickrUITests */ = {
			isa = PBXGroup;
			children = (
				84D5A66821A94CF100A03E26 /* Swift4_Part5_FlickrUITests.swift */,
				84D5A66A21A94CF100A03E26 /* Info.plist */,
			);
			path = Swift4_Part5_FlickrUITests;
			sourceTree = "<group>";
		};
/* End PBXGroup section */

/* Begin PBXNativeTarget section */
		84D5A64421A94CEF00A03E26 /* Swift4_Part5_Flickr */ = {
			isa = PBXNativeTarget;
			buildConfigurationList = 84D5A66D21A94CF100A03E26 /* Build configuration list for PBXNativeTarget "Swift4_Part5_Flickr" */;
			buildPhases = (
				84D5A64121A94CEF00A03E26 /* Sources */,
				84D5A64221A94CEF00A03E26 /* Frameworks */,
				84D5A64321A94CEF00A03E26 /* Resources */,
			);
			buildRules = (
			);
			dependencies = (
			);
			name = Swift4_Part5_Flickr;
			productName = Swift4_Part5_Flickr;
			productReference = 84D5A64521A94CEF00A03E26 /* Swift4_Part5_Flickr.app */;
			productType = "com.apple.product-type.application";
		};
		84D5A65821A94CF100A03E26 /* Swift4_Part5_FlickrTests */ = {
			isa = PBXNativeTarget;
			buildConfigurationList = 84D5A67021A94CF100A03E26 /* Build configuration list for PBXNativeTarget "Swift4_Part5_FlickrTests" */;
			buildPhases = (
				84D5A65521A94CF100A03E26 /* Sources */,
				84D5A65621A94CF100A03E26 /* Frameworks */,
				84D5A65721A94CF100A03E26 /* Resources */,
			);
			buildRules = (
			);
			dependencies = (
				84D5A65B21A94CF100A03E26 /* PBXTargetDependency */,
			);
			name = Swift4_Part5_FlickrTests;
			productName = Swift4_Part5_FlickrTests;
			productReference = 84D5A65921A94CF100A03E26 /* Swift4_Part5_FlickrTests.xctest */;
			productType = "com.apple.product-type.bundle.unit-test";
		};
		84D5A66321A94CF100A03E26 /* Swift4_Part5_FlickrUITests */ = {
			isa = PBXNativeTarget;
			buildConfigurationList = 84D5A67321A94CF100A03E26 /* Build configuration list for PBXNativeTarget "Swift4_Part5_FlickrUITests" */;
			buildPhases = (
				84D5A66021A94CF100A03E26 /* Sources */,
				84D5A66121A94CF100A03E26 /* Frameworks */,
				84D5A66221A94CF100A03E26 /* Resources */,
			);
			buildRules = (
			);
			dependencies = (
				84D5A66621A94CF100A03E26 /* PBXTargetDependency */,
			);
			name = Swift4_Part5_FlickrUITests;
			productName = Swift4_Part5_FlickrUITests;
			productReference = 84D5A66421A94CF100A03E26 /* Swift4_Part5_FlickrUITests.xctest */;
			productType = "com.apple.product-type.bundle.ui-testing";
		};
/* End PBXNativeTarget section */

/* Begin PBXProject section */
		84D5A63D21A94CEF00A03E26 /* Project object */ = {
			isa = PBXProject;
			attributes = {
				LastSwiftUpdateCheck = 1010;
				LastUpgradeCheck = 1010;
				ORGANIZATIONNAME = Equitronix;
				TargetAttributes = {
					84D5A64421A94CEF00A03E26 = {
						CreatedOnToolsVersion = 10.1;
					};
					84D5A65821A94CF100A03E26 = {
						CreatedOnToolsVersion = 10.1;
						TestTargetID = 84D5A64421A94CEF00A03E26;
					};
					84D5A66321A94CF100A03E26 = {
						CreatedOnToolsVersion = 10.1;
						TestTargetID = 84D5A64421A94CEF00A03E26;
					};
				};
			};
			buildConfigurationList = 84D5A64021A94CEF00A03E26 /* Build configuration list for PBXProject "Swift4_Part5_Flickr" */;
			compatibilityVersion = "Xcode 9.3";
			developmentRegion = en;
			hasScannedForEncodings = 0;
			knownRegions = (
				en,
				Base,
			);
			mainGroup = 84D5A63C21A94CEF00A03E26;
			productRefGroup = 84D5A64621A94CEF00A03E26 /* Products */;
			projectDirPath = "";
			projectRoot = "";
			targets = (
				84D5A64421A94CEF00A03E26 /* Swift4_Part5_Flickr */,
				84D5A65821A94CF100A03E26 /* Swift4_Part5_FlickrTests */,
				84D5A66321A94CF100A03E26 /* Swift4_Part5_FlickrUITests */,
			);
		};
/* End PBXProject section */

/* Begin PBXResourcesBuildPhase section */
		84D5A64321A94CEF00A03E26 /* Resources */ = {
			isa = PBXResourcesBuildPhase;
			buildActionMask = 2147483647;
			files = (
				84D5A65321A94CF100A03E26 /* LaunchScreen.storyboard in Resources */,
				84D5A65021A94CF100A03E26 /* Assets.xcassets in Resources */,
				84D5A64E21A94CEF00A03E26 /* Main.storyboard in Resources */,
			);
			runOnlyForDeploymentPostprocessing = 0;
		};
		84D5A65721A94CF100A03E26 /* Resources */ = {
			isa = PBXResourcesBuildPhase;
			buildActionMask = 2147483647;
			files = (
			);
			runOnlyForDeploymentPostprocessing = 0;
		};
		84D5A66221A94CF100A03E26 /* Resources */ = {
			isa = PBXResourcesBuildPhase;
			buildActionMask = 2147483647;
			files = (
			);
			runOnlyForDeploymentPostprocessing = 0;
		};
/* End PBXResourcesBuildPhase section */

/* Begin PBXSourcesBuildPhase section */
		84D5A64121A94CEF00A03E26 /* Sources */ = {
			isa = PBXSourcesBuildPhase;
			buildActionMask = 2147483647;
			files = (
				84D5A64B21A94CEF00A03E26 /* ViewController.swift in Sources */,
				84D5A64921A94CEF00A03E26 /* AppDelegate.swift in Sources */,
			);
			runOnlyForDeploymentPostprocessing = 0;
		};
		84D5A65521A94CF100A03E26 /* Sources */ = {
			isa = PBXSourcesBuildPhase;
			buildActionMask = 2147483647;
			files = (
				84D5A65E21A94CF100A03E26 /* Swift4_Part5_FlickrTests.swift in Sources */,
			);
			runOnlyForDeploymentPostprocessing = 0;
		};
		84D5A66021A94CF100A03E26 /* Sources */ = {
			isa = PBXSourcesBuildPhase;
			buildActionMask = 2147483647;
			files = (
				84D5A66921A94CF100A03E26 /* Swift4_Part5_FlickrUITests.swift in Sources */,
			);
			runOnlyForDeploymentPostprocessing = 0;
		};
/* End PBXSourcesBuildPhase section */

/* Begin PBXTargetDependency section */
		84D5A65B21A94CF100A03E26 /* PBXTargetDependency */ = {
			isa = PBXTargetDependency;
			target = 84D5A64421A94CEF00A03E26 /* Swift4_Part5_Flickr */;
			targetProxy = 84D5A65A21A94CF100A03E26 /* PBXContainerItemProxy */;
		};
		84D5A66621A94CF100A03E26 /* PBXTargetDependency */ = {
			isa = PBXTargetDependency;
			target = 84D5A64421A94CEF00A03E26 /* Swift4_Part5_Flickr */;
			targetProxy = 84D5A66521A94CF100A03E26 /* PBXContainerItemProxy */;
		};
/* End PBXTargetDependency section */

/* Begin PBXVariantGroup section */
		84D5A64C21A94CEF00A03E26 /* Main.storyboard */ = {
			isa = PBXVariantGroup;
			children = (
				84D5A64D21A94CEF00A03E26 /* Base */,
			);
			name = Main.storyboard;
			sourceTree = "<group>";
		};
		84D5A65121A94CF100A03E26 /* LaunchScreen.storyboard */ = {
			isa = PBXVariantGroup;
			children = (
				84D5A65221A94CF100A03E26 /* Base */,
			);
			name = LaunchScreen.storyboard;
			sourceTree = "<group>";
		};
/* End PBXVariantGroup section */

/* Begin XCBuildConfiguration section */
		84D5A66B21A94CF100A03E26 /* Debug */ = {
			isa = XCBuildConfiguration;
			buildSettings = {
				ALWAYS_SEARCH_USER_PATHS = NO;
				CLANG_ANALYZER_NONNULL = YES;
				CLANG_ANALYZER_NUMBER_OBJECT_CONVERSION = YES_AGGRESSIVE;
				CLANG_CXX_LANGUAGE_STANDARD = "gnu++14";
				CLANG_CXX_LIBRARY = "libc++";
				CLANG_ENABLE_MODULES = YES;
				CLANG_ENABLE_OBJC_ARC = YES;
				CLANG_ENABLE_OBJC_WEAK = YES;
				CLANG_WARN_BLOCK_CAPTURE_AUTORELEASING = YES;
				CLANG_WARN_BOOL_CONVERSION = YES;
				CLANG_WARN_COMMA = YES;
				CLANG_WARN_CONSTANT_CONVERSION = YES;
				CLANG_WARN_DEPRECATED_OBJC_IMPLEMENTATIONS = YES;
				CLANG_WARN_DIRECT_OBJC_ISA_USAGE = YES_ERROR;
				CLANG_WARN_DOCUMENTATION_COMMENTS = YES;
				CLANG_WARN_EMPTY_BODY = YES;
				CLANG_WARN_ENUM_CONVERSION = YES;
				CLANG_WARN_INFINITE_RECURSION = YES;
				CLANG_WARN_INT_CONVERSION = YES;
				CLANG_WARN_NON_LITERAL_NULL_CONVERSION = YES;
				CLANG_WARN_OBJC_IMPLICIT_RETAIN_SELF = YES;
				CLANG_WARN_OBJC_LITERAL_CONVERSION = YES;
				CLANG_WARN_OBJC_ROOT_CLASS = YES_ERROR;
				CLANG_WARN_RANGE_LOOP_ANALYSIS = YES;
				CLANG_WARN_STRICT_PROTOTYPES = YES;
				CLANG_WARN_SUSPICIOUS_MOVE = YES;
				CLANG_WARN_UNGUARDED_AVAILABILITY = YES_AGGRESSIVE;
				CLANG_WARN_UNREACHABLE_CODE = YES;
				CLANG_WARN__DUPLICATE_METHOD_MATCH = YES;
				CODE_SIGN_IDENTITY = "iPhone Developer";
				COPY_PHASE_STRIP = NO;
				DEBUG_INFORMATION_FORMAT = dwarf;
				ENABLE_STRICT_OBJC_MSGSEND = YES;
				ENABLE_TESTABILITY = YES;
				GCC_C_LANGUAGE_STANDARD = gnu11;
				GCC_DYNAMIC_NO_PIC = NO;
				GCC_NO_COMMON_BLOCKS = YES;
				GCC_OPTIMIZATION_LEVEL = 0;
				GCC_PREPROCESSOR_DEFINITIONS = (
					"DEBUG=1",
					"$(inherited)",
				);
				GCC_WARN_64_TO_32_BIT_CONVERSION = YES;
				GCC_WARN_ABOUT_RETURN_TYPE = YES_ERROR;
				GCC_WARN_UNDECLARED_SELECTOR = YES;
				GCC_WARN_UNINITIALIZED_AUTOS = YES_AGGRESSIVE;
				GCC_WARN_UNUSED_FUNCTION = YES;
				GCC_WARN_UNUSED_VARIABLE = YES;
				IPHONEOS_DEPLOYMENT_TARGET = 12.1;
				MTL_ENABLE_DEBUG_INFO = INCLUDE_SOURCE;
				MTL_FAST_MATH = YES;
				ONLY_ACTIVE_ARCH = YES;
				SDKROOT = iphoneos;
				SWIFT_ACTIVE_COMPILATION_CONDITIONS = DEBUG;
				SWIFT_OPTIMIZATION_LEVEL = "-Onone";
			};
			name = Debug;
		};
		84D5A66C21A94CF100A03E26 /* Release */ = {
			isa = XCBuildConfiguration;
			buildSettings = {
				ALWAYS_SEARCH_USER_PATHS = NO;
				CLANG_ANALYZER_NONNULL = YES;
				CLANG_ANALYZER_NUMBER_OBJECT_CONVERSION = YES_AGGRESSIVE;
				CLANG_CXX_LANGUAGE_STANDARD = "gnu++14";
				CLANG_CXX_LIBRARY = "libc++";
				CLANG_ENABLE_MODULES = YES;
				CLANG_ENABLE_OBJC_ARC = YES;
				CLANG_ENABLE_OBJC_WEAK = YES;
				CLANG_WARN_BLOCK_CAPTURE_AUTORELEASING = YES;
				CLANG_WARN_BOOL_CONVERSION = YES;
				CLANG_WARN_COMMA = YES;
				CLANG_WARN_CONSTANT_CONVERSION = YES;
				CLANG_WARN_DEPRECATED_OBJC_IMPLEMENTATIONS = YES;
				CLANG_WARN_DIRECT_OBJC_ISA_USAGE = YES_ERROR;
				CLANG_WARN_DOCUMENTATION_COMMENTS = YES;
				CLANG_WARN_EMPTY_BODY = YES;
				CLANG_WARN_ENUM_CONVERSION = YES;
				CLANG_WARN_INFINITE_RECURSION = YES;
				CLANG_WARN_INT_CONVERSION = YES;
				CLANG_WARN_NON_LITERAL_NULL_CONVERSION = YES;
				CLANG_WARN_OBJC_IMPLICIT_RETAIN_SELF = YES;
				CLANG_WARN_OBJC_LITERAL_CONVERSION = YES;
				CLANG_WARN_OBJC_ROOT_CLASS = YES_ERROR;
				CLANG_WARN_RANGE_LOOP_ANALYSIS = YES;
				CLANG_WARN_STRICT_PROTOTYPES = YES;
				CLANG_WARN_SUSPICIOUS_MOVE = YES;
				CLANG_WARN_UNGUARDED_AVAILABILITY = YES_AGGRESSIVE;
				CLANG_WARN_UNREACHABLE_CODE = YES;
				CLANG_WARN__DUPLICATE_METHOD_MATCH = YES;
				CODE_SIGN_IDENTITY = "iPhone Developer";
				COPY_PHASE_STRIP = NO;
				DEBUG_INFORMATION_FORMAT = "dwarf-with-dsym";
				ENABLE_NS_ASSERTIONS = NO;
				ENABLE_STRICT_OBJC_MSGSEND = YES;
				GCC_C_LANGUAGE_STANDARD = gnu11;
				GCC_NO_COMMON_BLOCKS = YES;
				GCC_WARN_64_TO_32_BIT_CONVERSION = YES;
				GCC_WARN_ABOUT_RETURN_TYPE = YES_ERROR;
				GCC_WARN_UNDECLARED_SELECTOR = YES;
				GCC_WARN_UNINITIALIZED_AUTOS = YES_AGGRESSIVE;
				GCC_WARN_UNUSED_FUNCTION = YES;
				GCC_WARN_UNUSED_VARIABLE = YES;
				IPHONEOS_DEPLOYMENT_TARGET = 12.1;
				MTL_ENABLE_DEBUG_INFO = NO;
				MTL_FAST_MATH = YES;
				SDKROOT = iphoneos;
				SWIFT_COMPILATION_MODE = wholemodule;
				SWIFT_OPTIMIZATION_LEVEL = "-O";
				VALIDATE_PRODUCT = YES;
			};
			name = Release;
		};
		84D5A66E21A94CF100A03E26 /* Debug */ = {
			isa = XCBuildConfiguration;
			buildSettings = {
				ASSETCATALOG_COMPILER_APPICON_NAME = AppIcon;
				CODE_SIGN_STYLE = Automatic;
				DEVELOPMENT_TEAM = 75G632S95E;
				INFOPLIST_FILE = Swift4_Part5_Flickr/Info.plist;
				LD_RUNPATH_SEARCH_PATHS = (
					"$(inherited)",
					"@executable_path/Frameworks",
				);
				PRODUCT_BUNDLE_IDENTIFIER = "com.equitronix.Swift4-Part5-Flickr";
				PRODUCT_NAME = "$(TARGET_NAME)";
				SWIFT_VERSION = 4.2;
				TARGETED_DEVICE_FAMILY = "1,2";
			};
			name = Debug;
		};
		84D5A66F21A94CF100A03E26 /* Release */ = {
			isa = XCBuildConfiguration;
			buildSettings = {
				ASSETCATALOG_COMPILER_APPICON_NAME = AppIcon;
				CODE_SIGN_STYLE = Automatic;
				DEVELOPMENT_TEAM = 75G632S95E;
				INFOPLIST_FILE = Swift4_Part5_Flickr/Info.plist;
				LD_RUNPATH_SEARCH_PATHS = (
					"$(inherited)",
					"@executable_path/Frameworks",
				);
				PRODUCT_BUNDLE_IDENTIFIER = "com.equitronix.Swift4-Part5-Flickr";
				PRODUCT_NAME = "$(TARGET_NAME)";
				SWIFT_VERSION = 4.2;
				TARGETED_DEVICE_FAMILY = "1,2";
			};
			name = Release;
		};
		84D5A67121A94CF100A03E26 /* Debug */ = {
			isa = XCBuildConfiguration;
			buildSettings = {
				ALWAYS_EMBED_SWIFT_STANDARD_LIBRARIES = YES;
				BUNDLE_LOADER = "$(TEST_HOST)";
				CODE_SIGN_STYLE = Automatic;
				DEVELOPMENT_TEAM = 75G632S95E;
				INFOPLIST_FILE = Swift4_Part5_FlickrTests/Info.plist;
				LD_RUNPATH_SEARCH_PATHS = (
					"$(inherited)",
					"@executable_path/Frameworks",
					"@loader_path/Frameworks",
				);
				PRODUCT_BUNDLE_IDENTIFIER = "com.equitronix.Swift4-Part5-FlickrTests";
				PRODUCT_NAME = "$(TARGET_NAME)";
				SWIFT_VERSION = 4.2;
				TARGETED_DEVICE_FAMILY = "1,2";
				TEST_HOST = "$(BUILT_PRODUCTS_DIR)/Swift4_Part5_Flickr.app/Swift4_Part5_Flickr";
			};
			name = Debug;
		};
		84D5A67221A94CF100A03E26 /* Release */ = {
			isa = XCBuildConfiguration;
			buildSettings = {
				ALWAYS_EMBED_SWIFT_STANDARD_LIBRARIES = YES;
				BUNDLE_LOADER = "$(TEST_HOST)";
				CODE_SIGN_STYLE = Automatic;
				DEVELOPMENT_TEAM = 75G632S95E;
				INFOPLIST_FILE = Swift4_Part5_FlickrTests/Info.plist;
				LD_RUNPATH_SEARCH_PATHS = (
					"$(inherited)",
					"@executable_path/Frameworks",
					"@loader_path/Frameworks",
				);
				PRODUCT_BUNDLE_IDENTIFIER = "com.equitronix.Swift4-Part5-FlickrTests";
				PRODUCT_NAME = "$(TARGET_NAME)";
				SWIFT_VERSION = 4.2;
				TARGETED_DEVICE_FAMILY = "1,2";
				TEST_HOST = "$(BUILT_PRODUCTS_DIR)/Swift4_Part5_Flickr.app/Swift4_Part5_Flickr";
			};
			name = Release;
		};
		84D5A67421A94CF100A03E26 /* Debug */ = {
			isa = XCBuildConfiguration;
			buildSettings = {
				ALWAYS_EMBED_SWIFT_STANDARD_LIBRARIES = YES;
				CODE_SIGN_STYLE = Automatic;
				DEVELOPMENT_TEAM = 75G632S95E;
				INFOPLIST_FILE = Swift4_Part5_FlickrUITests/Info.plist;
				LD_RUNPATH_SEARCH_PATHS = (
					"$(inherited)",
					"@executable_path/Frameworks",
					"@loader_path/Frameworks",
				);
				PRODUCT_BUNDLE_IDENTIFIER = "com.equitronix.Swift4-Part5-FlickrUITests";
				PRODUCT_NAME = "$(TARGET_NAME)";
				SWIFT_VERSION = 4.2;
				TARGETED_DEVICE_FAMILY = "1,2";
				TEST_TARGET_NAME = Swift4_Part5_Flickr;
			};
			name = Debug;
		};
		84D5A67521A94CF100A03E26 /* Release */ = {
			isa = XCBuildConfiguration;
			buildSettings = {
				ALWAYS_EMBED_SWIFT_STANDARD_LIBRARIES = YES;
				CODE_SIGN_STYLE = Automatic;
				DEVELOPMENT_TEAM = 75G632S95E;
				INFOPLIST_FILE = Swift4_Part5_FlickrUITests/Info.plist;
				LD_RUNPATH_SEARCH_PATHS = (
					"$(inherited)",
					"@executable_path/Frameworks",
					"@loader_path/Frameworks",
				);
				PRODUCT_BUNDLE_IDENTIFIER = "com.equitronix.Swift4-Part5-FlickrUITests";
				PRODUCT_NAME = "$(TARGET_NAME)";
				SWIFT_VERSION = 4.2;
				TARGETED_DEVICE_FAMILY = "1,2";
				TEST_TARGET_NAME = Swift4_Part5_Flickr;
			};
			name = Release;
		};
/* End XCBuildConfiguration section */

/* Begin XCConfigurationList section */
		84D5A64021A94CEF00A03E26 /* Build configuration list for PBXProject "Swift4_Part5_Flickr" */ = {
			isa = XCConfigurationList;
			buildConfigurations = (
				84D5A66B21A94CF100A03E26 /* Debug */,
				84D5A66C21A94CF100A03E26 /* Release */,
			);
			defaultConfigurationIsVisible = 0;
			defaultConfigurationName = Release;
		};
		84D5A66D21A94CF100A03E26 /* Build configuration list for PBXNativeTarget "Swift4_Part5_Flickr" */ = {
			isa = XCConfigurationList;
			buildConfigurations = (
				84D5A66E21A94CF100A03E26 /* Debug */,
				84D5A66F21A94CF100A03E26 /* Release */,
			);
			defaultConfigurationIsVisible = 0;
			defaultConfigurationName = Release;
		};
		84D5A67021A94CF100A03E26 /* Build configuration list for PBXNativeTarget "Swift4_Part5_FlickrTests" */ = {
			isa = XCConfigurationList;
			buildConfigurations = (
				84D5A67121A94CF100A03E26 /* Debug */,
				84D5A67221A94CF100A03E26 /* Release */,
			);
			defaultConfigurationIsVisible = 0;
			defaultConfigurationName = Release;
		};
		84D5A67321A94CF100A03E26 /* Build configuration list for PBXNativeTarget "Swift4_Part5_FlickrUITests" */ = {
			isa = XCConfigurationList;
			buildConfigurations = (
				84D5A67421A94CF100A03E26 /* Debug */,
				84D5A67521A94CF100A03E26 /* Release */,
			);
			defaultConfigurationIsVisible = 0;
			defaultConfigurationName = Release;
		};
/* End XCConfigurationList section */
	};
	rootObject = 84D5A63D21A94CEF00A03E26 /* Project object */;
}
